
Microsoft Visual Studio Solution File, Format Version 12.00
# Visual Studio Version 17
VisualStudioVersion = 17.7.34031.279
MinimumVisualStudioVersion = 10.0.40219.1
Project("{FAE04EC0-301F-11D3-BF4B-00C04F79EFBC}") = "NamedPipeClient", "NamedPipeClient.csproj", "{CA8B4AAC-39AD-44FF-A342-A2102694AF4D}"
EndProject
Global
	GlobalSection(SolutionConfigurationPlatforms) = preSolution
		Debug|Any CPU = Debug|Any CPU
		Release|Any CPU = Release|Any CPU
	EndGlobalSection
	GlobalSection(ProjectConfigurationPlatforms) = postSolution
		{CA8B4AAC-39AD-44FF-A342-A2102694AF4D}.Debug|Any CPU.ActiveCfg = Debug|Any CPU
		{CA8B4AAC-39AD-44FF-A342-A2102694AF4D}.Debug|Any CPU.Build.0 = Debug|Any CPU
		{CA8B4AAC-39AD-44FF-A342-A2102694AF4D}.Release|Any CPU.ActiveCfg = Release|Any CPU
		{CA8B4AAC-39AD-44FF-A342-A2102694AF4D}.Release|Any CPU.Build.0 = Release|Any CPU
	EndGlobalSection
	GlobalSection(SolutionProperties) = preSolution
		HideSolutionNode = FALSE
	EndGlobalSection
	GlobalSection(ExtensibilityGlobals) = postSolution
		SolutionGuid = {011ADFE1-AA01-4BEB-B254-06EB0E3CDB6B}
	EndGlobalSection
EndGlobal
